
Microsoft Visual Studio Solution File, Format Version 12.00
# Visual Studio Version 17
VisualStudioVersion = 17.4.33205.214
MinimumVisualStudioVersion = 10.0.40219.1
Project("{888888A0-9F3D-457C-B088-3A5042F75D52}") = "vvv", "vvv.pyproj", "{B89863CC-D903-4F96-B655-79EBD5EB088A}"
EndProject
Global
	GlobalSection(SolutionConfigurationPlatforms) = preSolution
		Debug|Any CPU = Debug|Any CPU
		Release|Any CPU = Release|Any CPU
	EndGlobalSection
	GlobalSection(ProjectConfigurationPlatforms) = postSolution
		{B89863CC-D903-4F96-B655-79EBD5EB088A}.Debug|Any CPU.ActiveCfg = Debug|Any CPU
		{B89863CC-D903-4F96-B655-79EBD5EB088A}.Release|Any CPU.ActiveCfg = Release|Any CPU
	EndGlobalSection
	GlobalSection(SolutionProperties) = preSolution
		HideSolutionNode = FALSE
	EndGlobalSection
	GlobalSection(ExtensibilityGlobals) = postSolution
		SolutionGuid = {39266BB6-B9BD-4B43-81C0-5162D4F68745}
	EndGlobalSection
EndGlobal
